
Microsoft Visual Studio Solution File, Format Version 12.00
# Visual Studio Version 16
VisualStudioVersion = 16.0.30711.63
MinimumVisualStudioVersion = 10.0.40219.1
Project("{FAE04EC0-301F-11D3-BF4B-00C04F79EFBC}") = "Stealer", "Stealer\Stealer.csproj", "{89A9781C-6D0A-4526-A697-3D98F3B2B524}"
EndProject
Global
	GlobalSection(SolutionConfigurationPlatforms) = preSolution
		Debug|Any CPU = Debug|Any CPU
		Release|Any CPU = Release|Any CPU
	EndGlobalSection
	GlobalSection(ProjectConfigurationPlatforms) = postSolution
		{89A9781C-6D0A-4526-A697-3D98F3B2B524}.Debug|Any CPU.ActiveCfg = Debug|Any CPU
		{89A9781C-6D0A-4526-A697-3D98F3B2B524}.Debug|Any CPU.Build.0 = Debug|Any CPU
		{89A9781C-6D0A-4526-A697-3D98F3B2B524}.Release|Any CPU.ActiveCfg = Release|Any CPU
		{89A9781C-6D0A-4526-A697-3D98F3B2B524}.Release|Any CPU.Build.0 = Release|Any CPU
	EndGlobalSection
	GlobalSection(SolutionProperties) = preSolution
		HideSolutionNode = FALSE
	EndGlobalSection
	GlobalSection(ExtensibilityGlobals) = postSolution
		SolutionGuid = {19A0016B-EF2E-4C8B-A44C-930E3CC2DBD0}
	EndGlobalSection
EndGlobal
